
Microsoft Visual Studio Solution File, Format Version 12.00
# Visual Studio Version 17
VisualStudioVersion = 17.11.35303.130
MinimumVisualStudioVersion = 10.0.40219.1
Project("{2150E333-8FDC-42A3-9474-1A3956D46DE8}") = "Task0", "Task0", "{65B3369B-37B8-4ED0-A972-260FA044DAEC}"
EndProject
Project("{9A19103F-16F7-4668-BE54-9A1E7A4F7556}") = "Tyuiu.GulienkoPO.Sprint1.Task0.V23.Lib", "Tyuiu.GulienkoPO.Sprint1.Task0.V23.Lib\Tyuiu.GulienkoPO.Sprint1.Task0.V23.Lib.csproj", "{282DC928-B99B-46C2-A429-D15D5D046D20}"
EndProject
Project("{9A19103F-16F7-4668-BE54-9A1E7A4F7556}") = "Tyuiu.GulienkoPO.Sprint1.Task0.V23.Test", "Tyuiu.GulienkoPO.Sprint1.Task0.V23.Test\Tyuiu.GulienkoPO.Sprint1.Task0.V23.Test.csproj", "{8DBB030F-B315-494B-BCDC-7AFA0091503F}"
EndProject
Project("{9A19103F-16F7-4668-BE54-9A1E7A4F7556}") = "Tyuiu.GulienkoPO.Sprint1.Task0.V23", "Tyuiu.GulienkoPO.Sprint1.Task0.V23\Tyuiu.GulienkoPO.Sprint1.Task0.V23.csproj", "{B56C9C69-B838-4F40-9AB6-A3D641B112C8}"
EndProject
Project("{2150E333-8FDC-42A3-9474-1A3956D46DE8}") = "Task1", "Task1", "{40BA799A-4F94-42AA-AF75-7407DF663907}"
EndProject
Project("{9A19103F-16F7-4668-BE54-9A1E7A4F7556}") = "Tyuiu.GulienkoPO.Sprint1.Task1.V10.Lib", "Tyuiu.GulienkoPO.Sprint1.Task1.V10.Lib\Tyuiu.GulienkoPO.Sprint1.Task1.V10.Lib.csproj", "{5B987A2D-BC34-49B3-BCF7-518DED89EDC7}"
EndProject
Project("{9A19103F-16F7-4668-BE54-9A1E7A4F7556}") = "Tyuiu.GulienkoPO.Sprint1.Task1.V10.Test", "Tyuiu.GulienkoPO.Sprint1.Task1.V10.Test\Tyuiu.GulienkoPO.Sprint1.Task1.V10.Test.csproj", "{8847EEC2-4CFA-44F2-82A5-70C6A752E71B}"
EndProject
Project("{9A19103F-16F7-4668-BE54-9A1E7A4F7556}") = "Tyuiu.GulienkoPO.Sprint1.Task1.V10", "Tyuiu.GulienkoPO.Sprint1.Task1.V10\Tyuiu.GulienkoPO.Sprint1.Task1.V10.csproj", "{8C57CB61-D1BD-4EE1-8A97-75D28D463A6A}"
EndProject
Project("{2150E333-8FDC-42A3-9474-1A3956D46DE8}") = "Task2", "Task2", "{B63749F3-7B92-443E-A2F0-A0B571982843}"
EndProject
Project("{9A19103F-16F7-4668-BE54-9A1E7A4F7556}") = "Tyuiu.GulienkoPO.Sprint1.Task2.V29.Lib", "Tyuiu.GulienkoPO.Sprint1.Task2.V29.Lib\Tyuiu.GulienkoPO.Sprint1.Task2.V29.Lib.csproj", "{E2C8F4C9-4001-4957-856D-8BBC74523AB2}"
EndProject
Project("{9A19103F-16F7-4668-BE54-9A1E7A4F7556}") = "Tyuiu.GulienkoPO.Sprint1.Task2.V29.Test", "Tyuiu.GulienkoPO.Sprint1.Task2.V29.Test\Tyuiu.GulienkoPO.Sprint1.Task2.V29.Test.csproj", "{9CE57117-6D5C-4FC7-85DB-9638D144D3A9}"
EndProject
Project("{9A19103F-16F7-4668-BE54-9A1E7A4F7556}") = "Tyuiu.GulienkoPO.Sprint1.Task2.V29", "Tyuiu.GulienkoPO.Sprint1.Task2.V29\Tyuiu.GulienkoPO.Sprint1.Task2.V29.csproj", "{6ECE7AF3-61F3-4A02-99E0-C8A876889718}"
EndProject
Project("{2150E333-8FDC-42A3-9474-1A3956D46DE8}") = "Task3", "Task3", "{5AF81C30-0976-40A3-A571-BA1E9ED91FD5}"
EndProject
Project("{9A19103F-16F7-4668-BE54-9A1E7A4F7556}") = "Tyuiu.GulienkoPO.Sprint1.Task3.V5.Lib", "Tyuiu.GulienkoPO.Sprint1.Task3.V5.Lib\Tyuiu.GulienkoPO.Sprint1.Task3.V5.Lib.csproj", "{5DA21905-4E25-46DD-889D-D83550E0A5B7}"
EndProject
Project("{9A19103F-16F7-4668-BE54-9A1E7A4F7556}") = "Tyuiu.GulienkoPO.Sprint1.Task3.V5.Test", "Tyuiu.GulienkoPO.Sprint1.Task3.V5.Test\Tyuiu.GulienkoPO.Sprint1.Task3.V5.Test.csproj", "{BBD7AA59-0C9F-487D-8A6A-9B42A075BCE5}"
EndProject
Project("{9A19103F-16F7-4668-BE54-9A1E7A4F7556}") = "Tyuiu.GulienkoPO.Sprint1.Task3.V5", "Tyuiu.GulienkoPO.Sprint1.Task3.V5\Tyuiu.GulienkoPO.Sprint1.Task3.V5.csproj", "{BCB590C2-4D32-4B93-95B3-8BC82CD92BCB}"
EndProject
Project("{2150E333-8FDC-42A3-9474-1A3956D46DE8}") = "Task4", "Task4", "{A0BCAA99-2E2B-4A15-A09F-FFA389DEAA88}"
EndProject
Project("{9A19103F-16F7-4668-BE54-9A1E7A4F7556}") = "Tyuiu.GulienkoPO.Sprint1.Task4.V17.Lib", "Tyuiu.GulienkoPO.Sprint1.Task4.V17.Lib\Tyuiu.GulienkoPO.Sprint1.Task4.V17.Lib.csproj", "{A78C3B80-3FA0-4064-9B9E-3FC7597FF4C4}"
EndProject
Project("{9A19103F-16F7-4668-BE54-9A1E7A4F7556}") = "Tyuiu.GulienkoPO.Sprint1.Task4.V17.Test", "Tyuiu.GulienkoPO.Sprint1.Task4.V17.Test\Tyuiu.GulienkoPO.Sprint1.Task4.V17.Test.csproj", "{A5DECACD-1592-4ED8-98FC-824FA8C89614}"
EndProject
Project("{9A19103F-16F7-4668-BE54-9A1E7A4F7556}") = "Tyuiu.GulienkoPO.Sprint1.Task4.V17", "Tyuiu.GulienkoPO.Sprint1.Task4.V17\Tyuiu.GulienkoPO.Sprint1.Task4.V17.csproj", "{E836EAFD-32BB-4B7F-B679-9208EB885328}"
EndProject
Project("{2150E333-8FDC-42A3-9474-1A3956D46DE8}") = "Task5", "Task5", "{766E6F8D-BCC3-40BF-A5B9-0DCA92013127}"
EndProject
Project("{FAE04EC0-301F-11D3-BF4B-00C04F79EFBC}") = "Tyuiu.GulienkoPO.Sprint1.Task5.V1.Lib", "Tyuiu.GulienkoPO.Sprint1.Task5.V1.Lib\Tyuiu.GulienkoPO.Sprint1.Task5.V1.Lib.csproj", "{DEF333FF-1658-4EE1-87C2-660A9CF31DC9}"
EndProject
Project("{FAE04EC0-301F-11D3-BF4B-00C04F79EFBC}") = "Tyuiu.GulienkoPO.Sprint1.Task5.V1", "Tyuiu.GulienkoPO.Sprint1.Task5.V1\Tyuiu.GulienkoPO.Sprint1.Task5.V1.csproj", "{93155CC7-7C4A-4780-BDA3-50EEA3B0364D}"
EndProject
Project("{FAE04EC0-301F-11D3-BF4B-00C04F79EFBC}") = "Tyuiu.GulienkoPO.Sprint1.Task5.V1.Test", "Tyuiu.GulienkoPO.Sprint1.Task5.V1.Test\Tyuiu.GulienkoPO.Sprint1.Task5.V1.Test.csproj", "{42B78871-4D6B-4922-8F48-FD801F73B079}"
EndProject
Project("{2150E333-8FDC-42A3-9474-1A3956D46DE8}") = "Task6", "Task6", "{9EAADF34-0618-471B-8ECA-B953D1FD7341}"
EndProject
Project("{FAE04EC0-301F-11D3-BF4B-00C04F79EFBC}") = "Tyuiu.GulienkoPO.Sprint1.Task6.V8.Lib", "Tyuiu.GulienkoPO.Sprint1.Task6.V8.Lib\Tyuiu.GulienkoPO.Sprint1.Task6.V8.Lib.csproj", "{2804BE36-F4E7-4912-A8C0-A6475DFABDEB}"
EndProject
Project("{FAE04EC0-301F-11D3-BF4B-00C04F79EFBC}") = "Tyuiu.GulienkoPO.Sprint1.Task6.V8", "Tyuiu.GulienkoPO.Sprint1.Task6.V8\Tyuiu.GulienkoPO.Sprint1.Task6.V8.csproj", "{FB0A269C-6FDF-4BBD-9AAB-540070498FF7}"
EndProject
Project("{FAE04EC0-301F-11D3-BF4B-00C04F79EFBC}") = "Tyuiu.GulienkoPO.Sprint1.Task6.V8.Test", "Tyuiu.GulienkoPO.Sprint1.Task6.V8.Test\Tyuiu.GulienkoPO.Sprint1.Task6.V8.Test.csproj", "{68C74913-9CBA-419B-9919-510AD650B328}"
EndProject
Project("{2150E333-8FDC-42A3-9474-1A3956D46DE8}") = "Task7", "Task7", "{33DD8E6E-688B-48D8-9157-614FCCE27F57}"
EndProject
Project("{FAE04EC0-301F-11D3-BF4B-00C04F79EFBC}") = "Tyuiu.GulienkoPO.Sprint1.Task7.V20.Lib", "Tyuiu.GulienkoPO.Sprint1.Task7.V20.Lib\Tyuiu.GulienkoPO.Sprint1.Task7.V20.Lib.csproj", "{4AE1C562-CE1A-4B93-B47F-011A8204E95B}"
EndProject
Project("{FAE04EC0-301F-11D3-BF4B-00C04F79EFBC}") = "Tyuiu.GulienkoPO.Sprint1.Task7.V20", "Tyuiu.GulienkoPO.Sprint1.Task7.V20\Tyuiu.GulienkoPO.Sprint1.Task7.V20.csproj", "{6A767339-9B71-452B-8EAA-F0DEEBBA6312}"
EndProject
Project("{FAE04EC0-301F-11D3-BF4B-00C04F79EFBC}") = "Tyuiu.GulienkoPO.Sprint1.Task7.V20.Test", "Tyuiu.GulienkoPO.Sprint1.Task7.V20.Test\Tyuiu.GulienkoPO.Sprint1.Task7.V20.Test.csproj", "{8298B2BF-C474-4B09-BCE6-C9FF8C6BABA8}"
EndProject
Global
	GlobalSection(SolutionConfigurationPlatforms) = preSolution
		Debug|Any CPU = Debug|Any CPU
		Release|Any CPU = Release|Any CPU
	EndGlobalSection
	GlobalSection(ProjectConfigurationPlatforms) = postSolution
		{282DC928-B99B-46C2-A429-D15D5D046D20}.Debug|Any CPU.ActiveCfg = Debug|Any CPU
		{282DC928-B99B-46C2-A429-D15D5D046D20}.Debug|Any CPU.Build.0 = Debug|Any CPU
		{282DC928-B99B-46C2-A429-D15D5D046D20}.Release|Any CPU.ActiveCfg = Release|Any CPU
		{282DC928-B99B-46C2-A429-D15D5D046D20}.Release|Any CPU.Build.0 = Release|Any CPU
		{8DBB030F-B315-494B-BCDC-7AFA0091503F}.Debug|Any CPU.ActiveCfg = Debug|Any CPU
		{8DBB030F-B315-494B-BCDC-7AFA0091503F}.Debug|Any CPU.Build.0 = Debug|Any CPU
		{8DBB030F-B315-494B-BCDC-7AFA0091503F}.Release|Any CPU.ActiveCfg = Release|Any CPU
		{8DBB030F-B315-494B-BCDC-7AFA0091503F}.Release|Any CPU.Build.0 = Release|Any CPU
		{B56C9C69-B838-4F40-9AB6-A3D641B112C8}.Debug|Any CPU.ActiveCfg = Debug|Any CPU
		{B56C9C69-B838-4F40-9AB6-A3D641B112C8}.Debug|Any CPU.Build.0 = Debug|Any CPU
		{B56C9C69-B838-4F40-9AB6-A3D641B112C8}.Release|Any CPU.ActiveCfg = Release|Any CPU
		{B56C9C69-B838-4F40-9AB6-A3D641B112C8}.Release|Any CPU.Build.0 = Release|Any CPU
		{5B987A2D-BC34-49B3-BCF7-518DED89EDC7}.Debug|Any CPU.ActiveCfg = Debug|Any CPU
		{5B987A2D-BC34-49B3-BCF7-518DED89EDC7}.Debug|Any CPU.Build.0 = Debug|Any CPU
		{5B987A2D-BC34-49B3-BCF7-518DED89EDC7}.Release|Any CPU.ActiveCfg = Release|Any CPU
		{5B987A2D-BC34-49B3-BCF7-518DED89EDC7}.Release|Any CPU.Build.0 = Release|Any CPU
		{8847EEC2-4CFA-44F2-82A5-70C6A752E71B}.Debug|Any CPU.ActiveCfg = Debug|Any CPU
		{8847EEC2-4CFA-44F2-82A5-70C6A752E71B}.Debug|Any CPU.Build.0 = Debug|Any CPU
		{8847EEC2-4CFA-44F2-82A5-70C6A752E71B}.Release|Any CPU.ActiveCfg = Release|Any CPU
		{8847EEC2-4CFA-44F2-82A5-70C6A752E71B}.Release|Any CPU.Build.0 = Release|Any CPU
		{8C57CB61-D1BD-4EE1-8A97-75D28D463A6A}.Debug|Any CPU.ActiveCfg = Debug|Any CPU
		{8C57CB61-D1BD-4EE1-8A97-75D28D463A6A}.Debug|Any CPU.Build.0 = Debug|Any CPU
		{8C57CB61-D1BD-4EE1-8A97-75D28D463A6A}.Release|Any CPU.ActiveCfg = Release|Any CPU
		{8C57CB61-D1BD-4EE1-8A97-75D28D463A6A}.Release|Any CPU.Build.0 = Release|Any CPU
		{E2C8F4C9-4001-4957-856D-8BBC74523AB2}.Debug|Any CPU.ActiveCfg = Debug|Any CPU
		{E2C8F4C9-4001-4957-856D-8BBC74523AB2}.Debug|Any CPU.Build.0 = Debug|Any CPU
		{E2C8F4C9-4001-4957-856D-8BBC74523AB2}.Release|Any CPU.ActiveCfg = Release|Any CPU
		{E2C8F4C9-4001-4957-856D-8BBC74523AB2}.Release|Any CPU.Build.0 = Release|Any CPU
		{9CE57117-6D5C-4FC7-85DB-9638D144D3A9}.Debug|Any CPU.ActiveCfg = Debug|Any CPU
		{9CE57117-6D5C-4FC7-85DB-9638D144D3A9}.Debug|Any CPU.Build.0 = Debug|Any CPU
		{9CE57117-6D5C-4FC7-85DB-9638D144D3A9}.Release|Any CPU.ActiveCfg = Release|Any CPU
		{9CE57117-6D5C-4FC7-85DB-9638D144D3A9}.Release|Any CPU.Build.0 = Release|Any CPU
		{6ECE7AF3-61F3-4A02-99E0-C8A876889718}.Debug|Any CPU.ActiveCfg = Debug|Any CPU
		{6ECE7AF3-61F3-4A02-99E0-C8A876889718}.Debug|Any CPU.Build.0 = Debug|Any CPU
		{6ECE7AF3-61F3-4A02-99E0-C8A876889718}.Release|Any CPU.ActiveCfg = Release|Any CPU
		{6ECE7AF3-61F3-4A02-99E0-C8A876889718}.Release|Any CPU.Build.0 = Release|Any CPU
		{5DA21905-4E25-46DD-889D-D83550E0A5B7}.Debug|Any CPU.ActiveCfg = Debug|Any CPU
		{5DA21905-4E25-46DD-889D-D83550E0A5B7}.Debug|Any CPU.Build.0 = Debug|Any CPU
		{5DA21905-4E25-46DD-889D-D83550E0A5B7}.Release|Any CPU.ActiveCfg = Release|Any CPU
		{5DA21905-4E25-46DD-889D-D83550E0A5B7}.Release|Any CPU.Build.0 = Release|Any CPU
		{BBD7AA59-0C9F-487D-8A6A-9B42A075BCE5}.Debug|Any CPU.ActiveCfg = Debug|Any CPU
		{BBD7AA59-0C9F-487D-8A6A-9B42A075BCE5}.Debug|Any CPU.Build.0 = Debug|Any CPU
		{BBD7AA59-0C9F-487D-8A6A-9B42A075BCE5}.Release|Any CPU.ActiveCfg = Release|Any CPU
		{BBD7AA59-0C9F-487D-8A6A-9B42A075BCE5}.Release|Any CPU.Build.0 = Release|Any CPU
		{BCB590C2-4D32-4B93-95B3-8BC82CD92BCB}.Debug|Any CPU.ActiveCfg = Debug|Any CPU
		{BCB590C2-4D32-4B93-95B3-8BC82CD92BCB}.Debug|Any CPU.Build.0 = Debug|Any CPU
		{BCB590C2-4D32-4B93-95B3-8BC82CD92BCB}.Release|Any CPU.ActiveCfg = Release|Any CPU
		{BCB590C2-4D32-4B93-95B3-8BC82CD92BCB}.Release|Any CPU.Build.0 = Release|Any CPU
		{A78C3B80-3FA0-4064-9B9E-3FC7597FF4C4}.Debug|Any CPU.ActiveCfg = Debug|Any CPU
		{A78C3B80-3FA0-4064-9B9E-3FC7597FF4C4}.Debug|Any CPU.Build.0 = Debug|Any CPU
		{A78C3B80-3FA0-4064-9B9E-3FC7597FF4C4}.Release|Any CPU.ActiveCfg = Release|Any CPU
		{A78C3B80-3FA0-4064-9B9E-3FC7597FF4C4}.Release|Any CPU.Build.0 = Release|Any CPU
		{A5DECACD-1592-4ED8-98FC-824FA8C89614}.Debug|Any CPU.ActiveCfg = Debug|Any CPU
		{A5DECACD-1592-4ED8-98FC-824FA8C89614}.Debug|Any CPU.Build.0 = Debug|Any CPU
		{A5DECACD-1592-4ED8-98FC-824FA8C89614}.Release|Any CPU.ActiveCfg = Release|Any CPU
		{A5DECACD-1592-4ED8-98FC-824FA8C89614}.Release|Any CPU.Build.0 = Release|Any CPU
		{E836EAFD-32BB-4B7F-B679-9208EB885328}.Debug|Any CPU.ActiveCfg = Debug|Any CPU
		{E836EAFD-32BB-4B7F-B679-9208EB885328}.Debug|Any CPU.Build.0 = Debug|Any CPU
		{E836EAFD-32BB-4B7F-B679-9208EB885328}.Release|Any CPU.ActiveCfg = Release|Any CPU
		{E836EAFD-32BB-4B7F-B679-9208EB885328}.Release|Any CPU.Build.0 = Release|Any CPU
		{DEF333FF-1658-4EE1-87C2-660A9CF31DC9}.Debug|Any CPU.ActiveCfg = Debug|Any CPU
		{DEF333FF-1658-4EE1-87C2-660A9CF31DC9}.Debug|Any CPU.Build.0 = Debug|Any CPU
		{DEF333FF-1658-4EE1-87C2-660A9CF31DC9}.Release|Any CPU.ActiveCfg = Release|Any CPU
		{DEF333FF-1658-4EE1-87C2-660A9CF31DC9}.Release|Any CPU.Build.0 = Release|Any CPU
		{93155CC7-7C4A-4780-BDA3-50EEA3B0364D}.Debug|Any CPU.ActiveCfg = Debug|Any CPU
		{93155CC7-7C4A-4780-BDA3-50EEA3B0364D}.Debug|Any CPU.Build.0 = Debug|Any CPU
		{93155CC7-7C4A-4780-BDA3-50EEA3B0364D}.Release|Any CPU.ActiveCfg = Release|Any CPU
		{93155CC7-7C4A-4780-BDA3-50EEA3B0364D}.Release|Any CPU.Build.0 = Release|Any CPU
		{42B78871-4D6B-4922-8F48-FD801F73B079}.Debug|Any CPU.ActiveCfg = Debug|Any CPU
		{42B78871-4D6B-4922-8F48-FD801F73B079}.Debug|Any CPU.Build.0 = Debug|Any CPU
		{42B78871-4D6B-4922-8F48-FD801F73B079}.Release|Any CPU.ActiveCfg = Release|Any CPU
		{42B78871-4D6B-4922-8F48-FD801F73B079}.Release|Any CPU.Build.0 = Release|Any CPU
		{2804BE36-F4E7-4912-A8C0-A6475DFABDEB}.Debug|Any CPU.ActiveCfg = Debug|Any CPU
		{2804BE36-F4E7-4912-A8C0-A6475DFABDEB}.Debug|Any CPU.Build.0 = Debug|Any CPU
		{2804BE36-F4E7-4912-A8C0-A6475DFABDEB}.Release|Any CPU.ActiveCfg = Release|Any CPU
		{2804BE36-F4E7-4912-A8C0-A6475DFABDEB}.Release|Any CPU.Build.0 = Release|Any CPU
		{FB0A269C-6FDF-4BBD-9AAB-540070498FF7}.Debug|Any CPU.ActiveCfg = Debug|Any CPU
		{FB0A269C-6FDF-4BBD-9AAB-540070498FF7}.Debug|Any CPU.Build.0 = Debug|Any CPU
		{FB0A269C-6FDF-4BBD-9AAB-540070498FF7}.Release|Any CPU.ActiveCfg = Release|Any CPU
		{FB0A269C-6FDF-4BBD-9AAB-540070498FF7}.Release|Any CPU.Build.0 = Release|Any CPU
		{68C74913-9CBA-419B-9919-510AD650B328}.Debug|Any CPU.ActiveCfg = Debug|Any CPU
		{68C74913-9CBA-419B-9919-510AD650B328}.Debug|Any CPU.Build.0 = Debug|Any CPU
		{68C74913-9CBA-419B-9919-510AD650B328}.Release|Any CPU.ActiveCfg = Release|Any CPU
		{68C74913-9CBA-419B-9919-510AD650B328}.Release|Any CPU.Build.0 = Release|Any CPU
		{4AE1C562-CE1A-4B93-B47F-011A8204E95B}.Debug|Any CPU.ActiveCfg = Debug|Any CPU
		{4AE1C562-CE1A-4B93-B47F-011A8204E95B}.Debug|Any CPU.Build.0 = Debug|Any CPU
		{4AE1C562-CE1A-4B93-B47F-011A8204E95B}.Release|Any CPU.ActiveCfg = Release|Any CPU
		{4AE1C562-CE1A-4B93-B47F-011A8204E95B}.Release|Any CPU.Build.0 = Release|Any CPU
		{6A767339-9B71-452B-8EAA-F0DEEBBA6312}.Debug|Any CPU.ActiveCfg = Debug|Any CPU
		{6A767339-9B71-452B-8EAA-F0DEEBBA6312}.Debug|Any CPU.Build.0 = Debug|Any CPU
		{6A767339-9B71-452B-8EAA-F0DEEBBA6312}.Release|Any CPU.ActiveCfg = Release|Any CPU
		{6A767339-9B71-452B-8EAA-F0DEEBBA6312}.Release|Any CPU.Build.0 = Release|Any CPU
		{8298B2BF-C474-4B09-BCE6-C9FF8C6BABA8}.Debug|Any CPU.ActiveCfg = Debug|Any CPU
		{8298B2BF-C474-4B09-BCE6-C9FF8C6BABA8}.Debug|Any CPU.Build.0 = Debug|Any CPU
		{8298B2BF-C474-4B09-BCE6-C9FF8C6BABA8}.Release|Any CPU.ActiveCfg = Release|Any CPU
		{8298B2BF-C474-4B09-BCE6-C9FF8C6BABA8}.Release|Any CPU.Build.0 = Release|Any CPU
	EndGlobalSection
	GlobalSection(SolutionProperties) = preSolution
		HideSolutionNode = FALSE
	EndGlobalSection
	GlobalSection(NestedProjects) = preSolution
		{282DC928-B99B-46C2-A429-D15D5D046D20} = {65B3369B-37B8-4ED0-A972-260FA044DAEC}
		{8DBB030F-B315-494B-BCDC-7AFA0091503F} = {65B3369B-37B8-4ED0-A972-260FA044DAEC}
		{B56C9C69-B838-4F40-9AB6-A3D641B112C8} = {65B3369B-37B8-4ED0-A972-260FA044DAEC}
		{5B987A2D-BC34-49B3-BCF7-518DED89EDC7} = {40BA799A-4F94-42AA-AF75-7407DF663907}
		{8847EEC2-4CFA-44F2-82A5-70C6A752E71B} = {40BA799A-4F94-42AA-AF75-7407DF663907}
		{8C57CB61-D1BD-4EE1-8A97-75D28D463A6A} = {40BA799A-4F94-42AA-AF75-7407DF663907}
		{E2C8F4C9-4001-4957-856D-8BBC74523AB2} = {B63749F3-7B92-443E-A2F0-A0B571982843}
		{9CE57117-6D5C-4FC7-85DB-9638D144D3A9} = {B63749F3-7B92-443E-A2F0-A0B571982843}
		{6ECE7AF3-61F3-4A02-99E0-C8A876889718} = {B63749F3-7B92-443E-A2F0-A0B571982843}
		{5DA21905-4E25-46DD-889D-D83550E0A5B7} = {5AF81C30-0976-40A3-A571-BA1E9ED91FD5}
		{BBD7AA59-0C9F-487D-8A6A-9B42A075BCE5} = {5AF81C30-0976-40A3-A571-BA1E9ED91FD5}
		{BCB590C2-4D32-4B93-95B3-8BC82CD92BCB} = {5AF81C30-0976-40A3-A571-BA1E9ED91FD5}
		{A78C3B80-3FA0-4064-9B9E-3FC7597FF4C4} = {A0BCAA99-2E2B-4A15-A09F-FFA389DEAA88}
		{A5DECACD-1592-4ED8-98FC-824FA8C89614} = {A0BCAA99-2E2B-4A15-A09F-FFA389DEAA88}
		{E836EAFD-32BB-4B7F-B679-9208EB885328} = {A0BCAA99-2E2B-4A15-A09F-FFA389DEAA88}
		{DEF333FF-1658-4EE1-87C2-660A9CF31DC9} = {766E6F8D-BCC3-40BF-A5B9-0DCA92013127}
		{93155CC7-7C4A-4780-BDA3-50EEA3B0364D} = {766E6F8D-BCC3-40BF-A5B9-0DCA92013127}
		{42B78871-4D6B-4922-8F48-FD801F73B079} = {766E6F8D-BCC3-40BF-A5B9-0DCA92013127}
		{2804BE36-F4E7-4912-A8C0-A6475DFABDEB} = {9EAADF34-0618-471B-8ECA-B953D1FD7341}
		{FB0A269C-6FDF-4BBD-9AAB-540070498FF7} = {9EAADF34-0618-471B-8ECA-B953D1FD7341}
		{68C74913-9CBA-419B-9919-510AD650B328} = {9EAADF34-0618-471B-8ECA-B953D1FD7341}
		{4AE1C562-CE1A-4B93-B47F-011A8204E95B} = {33DD8E6E-688B-48D8-9157-614FCCE27F57}
		{6A767339-9B71-452B-8EAA-F0DEEBBA6312} = {33DD8E6E-688B-48D8-9157-614FCCE27F57}
		{8298B2BF-C474-4B09-BCE6-C9FF8C6BABA8} = {33DD8E6E-688B-48D8-9157-614FCCE27F57}
	EndGlobalSection
	GlobalSection(ExtensibilityGlobals) = postSolution
		SolutionGuid = {C9AF8952-3B66-438C-B54A-CCC872B61243}
	EndGlobalSection
EndGlobal
